
Microsoft Visual Studio Solution File, Format Version 12.00
# Visual Studio 15
VisualStudioVersion = 15.0.26124.0
MinimumVisualStudioVersion = 15.0.26124.0
Project("{FAE04EC0-301F-11D3-BF4B-00C04F79EFBC}") = "Infrastructure.Identity", "Infrastructure.Identity\Infrastructure.Identity.csproj", "{50187672-D334-460C-9566-5B61D4B6C2ED}"
EndProject
Project("{FAE04EC0-301F-11D3-BF4B-00C04F79EFBC}") = "Infrastructure.Persistence", "Infrastructure.Persistence\Infrastructure.Persistence.csproj", "{2157BF99-2200-4D2C-845C-9E4F5A5145B6}"
EndProject
Project("{FAE04EC0-301F-11D3-BF4B-00C04F79EFBC}") = "Infrastructure.Shared", "Infrastructure.Shared\Infrastructure.Shared.csproj", "{994F6B3F-C3D8-484B-9177-C74E47F8BAFD}"
EndProject
Project("{FAE04EC0-301F-11D3-BF4B-00C04F79EFBC}") = "Application", "Application\Application.csproj", "{C60736FA-711C-4CA5-B4CC-7817B751748B}"
EndProject
Project("{FAE04EC0-301F-11D3-BF4B-00C04F79EFBC}") = "Domain", "Domain\Domain.csproj", "{55DA505A-7ABB-40CC-988C-A5FF0AF2CC9B}"
EndProject
Project("{FAE04EC0-301F-11D3-BF4B-00C04F79EFBC}") = "WebApi", "WebApi\WebApi.csproj", "{E2F526EF-9B53-49BF-9F1F-BF98F137E8FF}"
EndProject
Global
	GlobalSection(SolutionConfigurationPlatforms) = preSolution
		Debug|Any CPU = Debug|Any CPU
		Debug|x64 = Debug|x64
		Debug|x86 = Debug|x86
		Release|Any CPU = Release|Any CPU
		Release|x64 = Release|x64
		Release|x86 = Release|x86
	EndGlobalSection
	GlobalSection(SolutionProperties) = preSolution
		HideSolutionNode = FALSE
	EndGlobalSection
	GlobalSection(ProjectConfigurationPlatforms) = postSolution
		{50187672-D334-460C-9566-5B61D4B6C2ED}.Debug|Any CPU.ActiveCfg = Debug|Any CPU
		{50187672-D334-460C-9566-5B61D4B6C2ED}.Debug|Any CPU.Build.0 = Debug|Any CPU
		{50187672-D334-460C-9566-5B61D4B6C2ED}.Debug|x64.ActiveCfg = Debug|Any CPU
		{50187672-D334-460C-9566-5B61D4B6C2ED}.Debug|x64.Build.0 = Debug|Any CPU
		{50187672-D334-460C-9566-5B61D4B6C2ED}.Debug|x86.ActiveCfg = Debug|Any CPU
		{50187672-D334-460C-9566-5B61D4B6C2ED}.Debug|x86.Build.0 = Debug|Any CPU
		{50187672-D334-460C-9566-5B61D4B6C2ED}.Release|Any CPU.ActiveCfg = Release|Any CPU
		{50187672-D334-460C-9566-5B61D4B6C2ED}.Release|Any CPU.Build.0 = Release|Any CPU
		{50187672-D334-460C-9566-5B61D4B6C2ED}.Release|x64.ActiveCfg = Release|Any CPU
		{50187672-D334-460C-9566-5B61D4B6C2ED}.Release|x64.Build.0 = Release|Any CPU
		{50187672-D334-460C-9566-5B61D4B6C2ED}.Release|x86.ActiveCfg = Release|Any CPU
		{50187672-D334-460C-9566-5B61D4B6C2ED}.Release|x86.Build.0 = Release|Any CPU
		{F08647D1-30BB-497C-8AA7-6F4BD8AC1B94}.Debug|Any CPU.ActiveCfg = Debug|Any CPU
		{F08647D1-30BB-497C-8AA7-6F4BD8AC1B94}.Debug|Any CPU.Build.0 = Debug|Any CPU
		{F08647D1-30BB-497C-8AA7-6F4BD8AC1B94}.Debug|x64.ActiveCfg = Debug|Any CPU
		{F08647D1-30BB-497C-8AA7-6F4BD8AC1B94}.Debug|x64.Build.0 = Debug|Any CPU
		{F08647D1-30BB-497C-8AA7-6F4BD8AC1B94}.Debug|x86.ActiveCfg = Debug|Any CPU
		{F08647D1-30BB-497C-8AA7-6F4BD8AC1B94}.Debug|x86.Build.0 = Debug|Any CPU
		{F08647D1-30BB-497C-8AA7-6F4BD8AC1B94}.Release|Any CPU.ActiveCfg = Release|Any CPU
		{F08647D1-30BB-497C-8AA7-6F4BD8AC1B94}.Release|Any CPU.Build.0 = Release|Any CPU
		{F08647D1-30BB-497C-8AA7-6F4BD8AC1B94}.Release|x64.ActiveCfg = Release|Any CPU
		{F08647D1-30BB-497C-8AA7-6F4BD8AC1B94}.Release|x64.Build.0 = Release|Any CPU
		{F08647D1-30BB-497C-8AA7-6F4BD8AC1B94}.Release|x86.ActiveCfg = Release|Any CPU
		{F08647D1-30BB-497C-8AA7-6F4BD8AC1B94}.Release|x86.Build.0 = Release|Any CPU
		{2157BF99-2200-4D2C-845C-9E4F5A5145B6}.Debug|Any CPU.ActiveCfg = Debug|Any CPU
		{2157BF99-2200-4D2C-845C-9E4F5A5145B6}.Debug|Any CPU.Build.0 = Debug|Any CPU
		{2157BF99-2200-4D2C-845C-9E4F5A5145B6}.Debug|x64.ActiveCfg = Debug|Any CPU
		{2157BF99-2200-4D2C-845C-9E4F5A5145B6}.Debug|x64.Build.0 = Debug|Any CPU
		{2157BF99-2200-4D2C-845C-9E4F5A5145B6}.Debug|x86.ActiveCfg = Debug|Any CPU
		{2157BF99-2200-4D2C-845C-9E4F5A5145B6}.Debug|x86.Build.0 = Debug|Any CPU
		{2157BF99-2200-4D2C-845C-9E4F5A5145B6}.Release|Any CPU.ActiveCfg = Release|Any CPU
		{2157BF99-2200-4D2C-845C-9E4F5A5145B6}.Release|Any CPU.Build.0 = Release|Any CPU
		{2157BF99-2200-4D2C-845C-9E4F5A5145B6}.Release|x64.ActiveCfg = Release|Any CPU
		{2157BF99-2200-4D2C-845C-9E4F5A5145B6}.Release|x64.Build.0 = Release|Any CPU
		{2157BF99-2200-4D2C-845C-9E4F5A5145B6}.Release|x86.ActiveCfg = Release|Any CPU
		{2157BF99-2200-4D2C-845C-9E4F5A5145B6}.Release|x86.Build.0 = Release|Any CPU
		{994F6B3F-C3D8-484B-9177-C74E47F8BAFD}.Debug|Any CPU.ActiveCfg = Debug|Any CPU
		{994F6B3F-C3D8-484B-9177-C74E47F8BAFD}.Debug|Any CPU.Build.0 = Debug|Any CPU
		{994F6B3F-C3D8-484B-9177-C74E47F8BAFD}.Debug|x64.ActiveCfg = Debug|Any CPU
		{994F6B3F-C3D8-484B-9177-C74E47F8BAFD}.Debug|x64.Build.0 = Debug|Any CPU
		{994F6B3F-C3D8-484B-9177-C74E47F8BAFD}.Debug|x86.ActiveCfg = Debug|Any CPU
		{994F6B3F-C3D8-484B-9177-C74E47F8BAFD}.Debug|x86.Build.0 = Debug|Any CPU
		{994F6B3F-C3D8-484B-9177-C74E47F8BAFD}.Release|Any CPU.ActiveCfg = Release|Any CPU
		{994F6B3F-C3D8-484B-9177-C74E47F8BAFD}.Release|Any CPU.Build.0 = Release|Any CPU
		{994F6B3F-C3D8-484B-9177-C74E47F8BAFD}.Release|x64.ActiveCfg = Release|Any CPU
		{994F6B3F-C3D8-484B-9177-C74E47F8BAFD}.Release|x64.Build.0 = Release|Any CPU
		{994F6B3F-C3D8-484B-9177-C74E47F8BAFD}.Release|x86.ActiveCfg = Release|Any CPU
		{994F6B3F-C3D8-484B-9177-C74E47F8BAFD}.Release|x86.Build.0 = Release|Any CPU
		{C60736FA-711C-4CA5-B4CC-7817B751748B}.Debug|Any CPU.ActiveCfg = Debug|Any CPU
		{C60736FA-711C-4CA5-B4CC-7817B751748B}.Debug|Any CPU.Build.0 = Debug|Any CPU
		{C60736FA-711C-4CA5-B4CC-7817B751748B}.Debug|x64.ActiveCfg = Debug|Any CPU
		{C60736FA-711C-4CA5-B4CC-7817B751748B}.Debug|x64.Build.0 = Debug|Any CPU
		{C60736FA-711C-4CA5-B4CC-7817B751748B}.Debug|x86.ActiveCfg = Debug|Any CPU
		{C60736FA-711C-4CA5-B4CC-7817B751748B}.Debug|x86.Build.0 = Debug|Any CPU
		{C60736FA-711C-4CA5-B4CC-7817B751748B}.Release|Any CPU.ActiveCfg = Release|Any CPU
		{C60736FA-711C-4CA5-B4CC-7817B751748B}.Release|Any CPU.Build.0 = Release|Any CPU
		{C60736FA-711C-4CA5-B4CC-7817B751748B}.Release|x64.ActiveCfg = Release|Any CPU
		{C60736FA-711C-4CA5-B4CC-7817B751748B}.Release|x64.Build.0 = Release|Any CPU
		{C60736FA-711C-4CA5-B4CC-7817B751748B}.Release|x86.ActiveCfg = Release|Any CPU
		{C60736FA-711C-4CA5-B4CC-7817B751748B}.Release|x86.Build.0 = Release|Any CPU
		{55DA505A-7ABB-40CC-988C-A5FF0AF2CC9B}.Debug|Any CPU.ActiveCfg = Debug|Any CPU
		{55DA505A-7ABB-40CC-988C-A5FF0AF2CC9B}.Debug|Any CPU.Build.0 = Debug|Any CPU
		{55DA505A-7ABB-40CC-988C-A5FF0AF2CC9B}.Debug|x64.ActiveCfg = Debug|Any CPU
		{55DA505A-7ABB-40CC-988C-A5FF0AF2CC9B}.Debug|x64.Build.0 = Debug|Any CPU
		{55DA505A-7ABB-40CC-988C-A5FF0AF2CC9B}.Debug|x86.ActiveCfg = Debug|Any CPU
		{55DA505A-7ABB-40CC-988C-A5FF0AF2CC9B}.Debug|x86.Build.0 = Debug|Any CPU
		{55DA505A-7ABB-40CC-988C-A5FF0AF2CC9B}.Release|Any CPU.ActiveCfg = Release|Any CPU
		{55DA505A-7ABB-40CC-988C-A5FF0AF2CC9B}.Release|Any CPU.Build.0 = Release|Any CPU
		{55DA505A-7ABB-40CC-988C-A5FF0AF2CC9B}.Release|x64.ActiveCfg = Release|Any CPU
		{55DA505A-7ABB-40CC-988C-A5FF0AF2CC9B}.Release|x64.Build.0 = Release|Any CPU
		{55DA505A-7ABB-40CC-988C-A5FF0AF2CC9B}.Release|x86.ActiveCfg = Release|Any CPU
		{55DA505A-7ABB-40CC-988C-A5FF0AF2CC9B}.Release|x86.Build.0 = Release|Any CPU
		{E2F526EF-9B53-49BF-9F1F-BF98F137E8FF}.Debug|Any CPU.ActiveCfg = Debug|Any CPU
		{E2F526EF-9B53-49BF-9F1F-BF98F137E8FF}.Debug|Any CPU.Build.0 = Debug|Any CPU
		{E2F526EF-9B53-49BF-9F1F-BF98F137E8FF}.Debug|x64.ActiveCfg = Debug|Any CPU
		{E2F526EF-9B53-49BF-9F1F-BF98F137E8FF}.Debug|x64.Build.0 = Debug|Any CPU
		{E2F526EF-9B53-49BF-9F1F-BF98F137E8FF}.Debug|x86.ActiveCfg = Debug|Any CPU
		{E2F526EF-9B53-49BF-9F1F-BF98F137E8FF}.Debug|x86.Build.0 = Debug|Any CPU
		{E2F526EF-9B53-49BF-9F1F-BF98F137E8FF}.Release|Any CPU.ActiveCfg = Release|Any CPU
		{E2F526EF-9B53-49BF-9F1F-BF98F137E8FF}.Release|Any CPU.Build.0 = Release|Any CPU
		{E2F526EF-9B53-49BF-9F1F-BF98F137E8FF}.Release|x64.ActiveCfg = Release|Any CPU
		{E2F526EF-9B53-49BF-9F1F-BF98F137E8FF}.Release|x64.Build.0 = Release|Any CPU
		{E2F526EF-9B53-49BF-9F1F-BF98F137E8FF}.Release|x86.ActiveCfg = Release|Any CPU
		{E2F526EF-9B53-49BF-9F1F-BF98F137E8FF}.Release|x86.Build.0 = Release|Any CPU
		{7E598AEE-A4D1-4AAA-BB04-7B62646DB2A8}.Debug|Any CPU.ActiveCfg = Debug|Any CPU
		{7E598AEE-A4D1-4AAA-BB04-7B62646DB2A8}.Debug|Any CPU.Build.0 = Debug|Any CPU
		{7E598AEE-A4D1-4AAA-BB04-7B62646DB2A8}.Debug|x64.ActiveCfg = Debug|Any CPU
		{7E598AEE-A4D1-4AAA-BB04-7B62646DB2A8}.Debug|x64.Build.0 = Debug|Any CPU
		{7E598AEE-A4D1-4AAA-BB04-7B62646DB2A8}.Debug|x86.ActiveCfg = Debug|Any CPU
		{7E598AEE-A4D1-4AAA-BB04-7B62646DB2A8}.Debug|x86.Build.0 = Debug|Any CPU
		{7E598AEE-A4D1-4AAA-BB04-7B62646DB2A8}.Release|Any CPU.ActiveCfg = Release|Any CPU
		{7E598AEE-A4D1-4AAA-BB04-7B62646DB2A8}.Release|Any CPU.Build.0 = Release|Any CPU
		{7E598AEE-A4D1-4AAA-BB04-7B62646DB2A8}.Release|x64.ActiveCfg = Release|Any CPU
		{7E598AEE-A4D1-4AAA-BB04-7B62646DB2A8}.Release|x64.Build.0 = Release|Any CPU
		{7E598AEE-A4D1-4AAA-BB04-7B62646DB2A8}.Release|x86.ActiveCfg = Release|Any CPU
		{7E598AEE-A4D1-4AAA-BB04-7B62646DB2A8}.Release|x86.Build.0 = Release|Any CPU
		{9937844B-6672-4039-B9FB-0DF5B9C46DF4}.Debug|Any CPU.ActiveCfg = Debug|Any CPU
		{9937844B-6672-4039-B9FB-0DF5B9C46DF4}.Debug|Any CPU.Build.0 = Debug|Any CPU
		{9937844B-6672-4039-B9FB-0DF5B9C46DF4}.Debug|x64.ActiveCfg = Debug|Any CPU
		{9937844B-6672-4039-B9FB-0DF5B9C46DF4}.Debug|x64.Build.0 = Debug|Any CPU
		{9937844B-6672-4039-B9FB-0DF5B9C46DF4}.Debug|x86.ActiveCfg = Debug|Any CPU
		{9937844B-6672-4039-B9FB-0DF5B9C46DF4}.Debug|x86.Build.0 = Debug|Any CPU
		{9937844B-6672-4039-B9FB-0DF5B9C46DF4}.Release|Any CPU.ActiveCfg = Release|Any CPU
		{9937844B-6672-4039-B9FB-0DF5B9C46DF4}.Release|Any CPU.Build.0 = Release|Any CPU
		{9937844B-6672-4039-B9FB-0DF5B9C46DF4}.Release|x64.ActiveCfg = Release|Any CPU
		{9937844B-6672-4039-B9FB-0DF5B9C46DF4}.Release|x64.Build.0 = Release|Any CPU
		{9937844B-6672-4039-B9FB-0DF5B9C46DF4}.Release|x86.ActiveCfg = Release|Any CPU
		{9937844B-6672-4039-B9FB-0DF5B9C46DF4}.Release|x86.Build.0 = Release|Any CPU
		{FEB37EB3-8F87-4A08-88DD-3946EE9A2C11}.Debug|Any CPU.ActiveCfg = Debug|Any CPU
		{FEB37EB3-8F87-4A08-88DD-3946EE9A2C11}.Debug|Any CPU.Build.0 = Debug|Any CPU
		{FEB37EB3-8F87-4A08-88DD-3946EE9A2C11}.Debug|x64.ActiveCfg = Debug|Any CPU
		{FEB37EB3-8F87-4A08-88DD-3946EE9A2C11}.Debug|x64.Build.0 = Debug|Any CPU
		{FEB37EB3-8F87-4A08-88DD-3946EE9A2C11}.Debug|x86.ActiveCfg = Debug|Any CPU
		{FEB37EB3-8F87-4A08-88DD-3946EE9A2C11}.Debug|x86.Build.0 = Debug|Any CPU
		{FEB37EB3-8F87-4A08-88DD-3946EE9A2C11}.Release|Any CPU.ActiveCfg = Release|Any CPU
		{FEB37EB3-8F87-4A08-88DD-3946EE9A2C11}.Release|Any CPU.Build.0 = Release|Any CPU
		{FEB37EB3-8F87-4A08-88DD-3946EE9A2C11}.Release|x64.ActiveCfg = Release|Any CPU
		{FEB37EB3-8F87-4A08-88DD-3946EE9A2C11}.Release|x64.Build.0 = Release|Any CPU
		{FEB37EB3-8F87-4A08-88DD-3946EE9A2C11}.Release|x86.ActiveCfg = Release|Any CPU
		{FEB37EB3-8F87-4A08-88DD-3946EE9A2C11}.Release|x86.Build.0 = Release|Any CPU
	EndGlobalSection
EndGlobal
